# THIS IS AN AUTOGENERATED FILE. DO NOT EDIT THIS FILE DIRECTLY.
# yarn lockfile v1


"@babel/runtime@^7.0.0", "@babel/runtime@^7.1.2":
  version "7.12.5"
  resolved "https://registry.yarnpkg.com/@babel/runtime/-/runtime-7.12.5.tgz#410e7e487441e1b360c29be715d870d9b985882e"
  integrity sha512-plcc+hbExy3McchJCEQG3knOsuh3HH+Prx1P6cLIkET/0dLuQDEnrT+s27Axgc9bqfsmNUNHfscgMUdBpC9xfg==
  dependencies:
    regenerator-runtime "^0.13.4"

"@types/domhandler@2.4.1":
  version "2.4.1"
  resolved "https://registry.yarnpkg.com/@types/domhandler/-/domhandler-2.4.1.tgz#7b3b347f7762180fbcb1ece1ce3dd0ebbb8c64cf"
  integrity sha512-cfBw6q6tT5sa1gSPFSRKzF/xxYrrmeiut7E0TxNBObiLSBTuFEHibcfEe3waQPEDbqBsq+ql/TOniw65EyDFMA==

"@types/prop-types@*":
  version "15.7.3"
  resolved "https://registry.yarnpkg.com/@types/prop-types/-/prop-types-15.7.3.tgz#2ab0d5da2e5815f94b0b9d4b95d1e5f243ab2ca7"
  integrity sha512-KfRL3PuHmqQLOG+2tGpRO26Ctg+Cq1E01D2DMriKEATHgWLfeNDmq9e29Q9WIky0dQ3NPkd1mzYH8Lm936Z9qw==

"@types/react@*":
  version "17.0.0"
  resolved "https://registry.yarnpkg.com/@types/react/-/react-17.0.0.tgz#5af3eb7fad2807092f0046a1302b7823e27919b8"
  integrity sha512-aj/L7RIMsRlWML3YB6KZiXB3fV2t41+5RBGYF8z+tAKU43Px8C3cYUZsDvf1/+Bm4FK21QWBrDutu8ZJ/70qOw==
  dependencies:
    "@types/prop-types" "*"
    csstype "^3.0.2"

a11y-focus-store@^1.0.0:
  version "1.0.0"
  resolved "https://registry.yarnpkg.com/a11y-focus-store/-/a11y-focus-store-1.0.0.tgz#ae52561cb86ae6c2904c1a4abf2e5820bf5305b0"
  integrity sha1-rlJWHLhq5sKQTBpKvy5YIL9TBbA=

animation-bus@^0.2.0:
  version "0.2.0"
  resolved "https://registry.yarnpkg.com/animation-bus/-/animation-bus-0.2.0.tgz#43854c2c9463fb82c664eff0e19b9733081150fa"
  integrity sha1-Q4VMLJRj+4LGZO/w4ZuXMwgRUPo=

aria-hidden@^1.1.1:
  version "1.1.1"
  resolved "https://registry.yarnpkg.com/aria-hidden/-/aria-hidden-1.1.1.tgz#0c356026d3f65e2bd487a3adb73f0c586be2c37e"
  integrity sha512-M7zYxCcOQPOaxGHoMTKUFD2UNcVFTp9ycrdStLcTPLf8zgTXC3+YcGe+UuzSh5X1BX/0/PtS8xTNy4xyH/6xtw==
  dependencies:
    tslib "^1.0.0"

asap@~2.0.3:
  version "2.0.6"
  resolved "https://registry.yarnpkg.com/asap/-/asap-2.0.6.tgz#e50347611d7e690943208bbdafebcbc2fb866d46"
  integrity sha1-5QNHYR1+aQlDIIu9r+vLwvuGbUY=

bowser@^1.7.3:
  version "1.9.4"
  resolved "https://registry.yarnpkg.com/bowser/-/bowser-1.9.4.tgz#890c58a2813a9d3243704334fa81b96a5c150c9a"
  integrity sha512-9IdMmj2KjigRq6oWhmwv1W36pDuA4STQZ8q6YO9um+x07xgYNCD3Oou+WP/3L1HNz7iqythGet3/p4wvc8AAwQ==

core-js@^1.0.0:
  version "1.2.7"
  resolved "https://registry.yarnpkg.com/core-js/-/core-js-1.2.7.tgz#652294c14651db28fa93bd2d5ff2983a4f08c636"
  integrity sha1-ZSKUwUZR2yj6k70tX/KYOk8IxjY=

cross-env@^7.0.2:
  version "7.0.3"
  resolved "https://registry.yarnpkg.com/cross-env/-/cross-env-7.0.3.tgz#865264b29677dc015ba8418918965dd232fc54cf"
  integrity sha512-+/HKd6EgcQCJGh2PSjZuUitQBQynKor4wrFbRg4DtAgS1aWO+gU52xpH7M9ScGgXSYmAVS9bIJ8EzuaGw0oNAw==
  dependencies:
    cross-spawn "^7.0.1"

cross-spawn@^7.0.1:
  version "7.0.3"
  resolved "https://registry.yarnpkg.com/cross-spawn/-/cross-spawn-7.0.3.tgz#f73a85b9d5d41d045551c177e2882d4ac85728a6"
  integrity sha512-iRDPJKUPVEND7dHPO8rkbOnPpyDygcDFtWjpeWNCgy8WP2rXcxXL8TskReQl6OrB2G7+UJrags1q15Fudc7G6w==
  dependencies:
    path-key "^3.1.0"
    shebang-command "^2.0.0"
    which "^2.0.1"

css-in-js-utils@^2.0.0:
  version "2.0.1"
  resolved "https://registry.yarnpkg.com/css-in-js-utils/-/css-in-js-utils-2.0.1.tgz#3b472b398787291b47cfe3e44fecfdd9e914ba99"
  integrity sha512-PJF0SpJT+WdbVVt0AOYp9C8GnuruRlL/UFW7932nLWmFLQTaWEzTBQEx7/hn4BuV+WON75iAViSUJLiU3PKbpA==
  dependencies:
    hyphenate-style-name "^1.0.2"
    isobject "^3.0.1"

csstype@^3.0.2:
  version "3.0.5"
  resolved "https://registry.yarnpkg.com/csstype/-/csstype-3.0.5.tgz#7fdec6a28a67ae18647c51668a9ff95bb2fa7bb8"
  integrity sha512-uVDi8LpBUKQj6sdxNaTetL6FpeCqTjOvAQuQUa/qAqq8oOd4ivkbhgnqayl0dnPal8Tb/yB1tF+gOvCBiicaiQ==

detect-node-es@^1.0.0:
  version "1.0.0"
  resolved "https://registry.yarnpkg.com/detect-node-es/-/detect-node-es-1.0.0.tgz#c0318b9e539a5256ca780dd9575c9345af05b8ed"
  integrity sha512-S4AHriUkTX9FoFvL4G8hXDcx6t3gp2HpfCza3Q0v6S78gul2hKWifLQbeW+ZF89+hSm2ZIc/uF3J97ZgytgTRg==

dom-helpers@^3.4.0:
  version "3.4.0"
  resolved "https://registry.yarnpkg.com/dom-helpers/-/dom-helpers-3.4.0.tgz#e9b369700f959f62ecde5a6babde4bccd9169af8"
  integrity sha512-LnuPJ+dwqKDIyotW1VzmOZ5TONUN7CwkCR5hrgawTUbkBGYdeoNLZo6nNfGkCrjtE1nXXaj7iMMpDa8/d9WoIA==
  dependencies:
    "@babel/runtime" "^7.1.2"

dom-serializer@0:
  version "0.2.2"
  resolved "https://registry.yarnpkg.com/dom-serializer/-/dom-serializer-0.2.2.tgz#1afb81f533717175d478655debc5e332d9f9bb51"
  integrity sha512-2/xPb3ORsQ42nHYiSunXkDjPLBaEj/xTwUO4B7XCZQTRk7EBtTOPaygh10YAAh2OI1Qrp6NWfpAhzswj0ydt9g==
  dependencies:
    domelementtype "^2.0.1"
    entities "^2.0.0"

domelementtype@1, domelementtype@^1.3.1:
  version "1.3.1"
  resolved "https://registry.yarnpkg.com/domelementtype/-/domelementtype-1.3.1.tgz#d048c44b37b0d10a7f2a3d5fee3f4333d790481f"
  integrity sha512-BSKB+TSpMpFI/HOxCNr1O8aMOTZ8hT3pM3GQ0w/mWRmkhEDSFJkkyzz4XQsBV44BChwGkrDfMyjVD0eA2aFV3w==

domelementtype@^2.0.1:
  version "2.1.0"
  resolved "https://registry.yarnpkg.com/domelementtype/-/domelementtype-2.1.0.tgz#a851c080a6d1c3d94344aed151d99f669edf585e"
  integrity sha512-LsTgx/L5VpD+Q8lmsXSHW2WpA+eBlZ9HPf3erD1IoPF00/3JKHZ3BknUVA2QGDNu69ZNmyFmCWBSO45XjYKC5w==

domhandler@2.4.2, domhandler@^2.3.0:
  version "2.4.2"
  resolved "https://registry.yarnpkg.com/domhandler/-/domhandler-2.4.2.tgz#8805097e933d65e85546f726d60f5eb88b44f803"
  integrity sha512-JiK04h0Ht5u/80fdLMCEmV4zkNh2BcoMFBmZ/91WtYZ8qVXSKjiw7fXMgFPnHcSZgOo3XdinHvmnDUeMf5R4wA==
  dependencies:
    domelementtype "1"

domutils@^1.5.1:
  version "1.7.0"
  resolved "https://registry.yarnpkg.com/domutils/-/domutils-1.7.0.tgz#56ea341e834e06e6748af7a1cb25da67ea9f8c2a"
  integrity sha512-Lgd2XcJ/NjEw+7tFvfKxOzCYKZsdct5lczQ2ZaQY8Djz7pfAD3Gbp8ySJWtreII/vDlMVmxwa6pHmdxIYgttDg==
  dependencies:
    dom-serializer "0"
    domelementtype "1"

encoding@^0.1.11:
  version "0.1.13"
  resolved "https://registry.yarnpkg.com/encoding/-/encoding-0.1.13.tgz#56574afdd791f54a8e9b2785c0582a2d26210fa9"
  integrity sha512-ETBauow1T35Y/WZMkio9jiM0Z5xjHHmJ4XmjZOq1l/dXz3lr2sRn87nJy20RupqSh1F2m3HHPSp8ShIPQJrJ3A==
  dependencies:
    iconv-lite "^0.6.2"

entities@^1.1.1:
  version "1.1.2"
  resolved "https://registry.yarnpkg.com/entities/-/entities-1.1.2.tgz#bdfa735299664dfafd34529ed4f8522a275fea56"
  integrity sha512-f2LZMYl1Fzu7YSBKg+RoROelpOaNrcGmE9AZubeDfrCEia483oW4MI4VyFd5VNHIgQ/7qm1I0wUHK1eJnn2y2w==

entities@^2.0.0:
  version "2.1.0"
  resolved "https://registry.yarnpkg.com/entities/-/entities-2.1.0.tgz#992d3129cf7df6870b96c57858c249a120f8b8b5"
  integrity sha512-hCx1oky9PFrJ611mf0ifBLBRW8lUUVRlFolb5gWRfIELabBlbp9xZvrqZLZAs+NxFnbfQoeGd8wDkygjg7U85w==

fbjs@^0.8.16:
  version "0.8.17"
  resolved "https://registry.yarnpkg.com/fbjs/-/fbjs-0.8.17.tgz#c4d598ead6949112653d6588b01a5cdcd9f90fdd"
  integrity sha1-xNWY6taUkRJlPWWIsBpc3Nn5D90=
  dependencies:
    core-js "^1.0.0"
    isomorphic-fetch "^2.1.1"
    loose-envify "^1.0.0"
    object-assign "^4.1.0"
    promise "^7.1.1"
    setimmediate "^1.0.5"
    ua-parser-js "^0.7.18"

focus-lock@^0.8.1:
  version "0.8.1"
  resolved "https://registry.yarnpkg.com/focus-lock/-/focus-lock-0.8.1.tgz#bb36968abf77a2063fa173cb6c47b12ac8599d33"
  integrity sha512-/LFZOIo82WDsyyv7h7oc0MJF9ACOvDRdx9rWPZ2pgMfNWu/z8hQDBtOchuB/0BVLmuFOZjV02YwUVzNsWx/EzA==
  dependencies:
    tslib "^1.9.3"

fscreen@^1.0.1:
  version "1.1.0"
  resolved "https://registry.yarnpkg.com/fscreen/-/fscreen-1.1.0.tgz#80f432f24dc915ba0be0f5f6a7d60ca12ecbab5c"
  integrity sha512-nSRkgHknnCRy7ZBWIu9S4IWe1m/VBROczUEU4RzXK3QvDtc89m79m4e5mbyFSugewgB8ajQKsDzeqaQ8sZ+7hA==

get-nonce@^1.0.0:
  version "1.0.1"
  resolved "https://registry.yarnpkg.com/get-nonce/-/get-nonce-1.0.1.tgz#fdf3f0278073820d2ce9426c18f07481b1e0cdf3"
  integrity sha512-FJhYRoDaiatfEkUK8HKlicmu/3SGFD51q3itKDGoSTysQJBnfOcxU5GxnhE1E6soB76MbT0MBtnKJuXyAx+96Q==

get-prefix@^1.0.0:
  version "1.0.0"
  resolved "https://registry.yarnpkg.com/get-prefix/-/get-prefix-1.0.0.tgz#0d305448a4e3176f9c277175b14e16dbe6fba0b5"
  integrity sha1-DTBUSKTjF2+cJ3F1sU4W2+b7oLU=

glam@^5.0.1:
  version "5.0.1"
  resolved "https://registry.yarnpkg.com/glam/-/glam-5.0.1.tgz#b965a46f1a7f9ba3a23d16430b2e706f63c80ee8"
  integrity sha512-NCnYcPpefXJMH30LaUfKKP3BkpipI9jkeOvzMZAd76cuDxfKmQRBvgQ1LxXRj9IRZVAwl0K3WQvbw+tiyK2pcw==
  dependencies:
    fbjs "^0.8.16"
    inline-style-prefixer "^3.0.8"

html-dom-parser@0.2.3:
  version "0.2.3"
  resolved "https://registry.yarnpkg.com/html-dom-parser/-/html-dom-parser-0.2.3.tgz#bfee592fc01c12bac08dcfa5da2611f9559a1812"
  integrity sha512-GdzE63/U0IQEvcpAz0cUdYx2zQx0Ai+HWvE9TXEgwP27+SymUzKa7iB4DhjYpf2IdNLfTTOBuMS5nxeWOosSMQ==
  dependencies:
    "@types/domhandler" "2.4.1"
    domhandler "2.4.2"
    htmlparser2 "3.10.1"

html-react-parser@^0.10.3:
  version "0.10.5"
  resolved "https://registry.yarnpkg.com/html-react-parser/-/html-react-parser-0.10.5.tgz#d05e3efd8ffaff692007b99b5b7d54f05a6c5f37"
  integrity sha512-rtMWZ7KZjd9sO8jyIX7am0vGCIL45tCmctTnassT/BrTGeTaAZ4nQyqoGcx2v+vB8CAY+Q5PZiiV6eOiowq8dQ==
  dependencies:
    "@types/domhandler" "2.4.1"
    html-dom-parser "0.2.3"
    react-property "1.0.1"
    style-to-object "0.3.0"

htmlparser2@3.10.1:
  version "3.10.1"
  resolved "https://registry.yarnpkg.com/htmlparser2/-/htmlparser2-3.10.1.tgz#bd679dc3f59897b6a34bb10749c855bb53a9392f"
  integrity sha512-IgieNijUMbkDovyoKObU1DUhm1iwNYE/fuifEoEHfd1oZKZDaONBSkal7Y01shxsM49R4XaMdGez3WnF9UfiCQ==
  dependencies:
    domelementtype "^1.3.1"
    domhandler "^2.3.0"
    domutils "^1.5.1"
    entities "^1.1.1"
    inherits "^2.0.1"
    readable-stream "^3.1.1"

hyphenate-style-name@^1.0.2:
  version "1.0.4"
  resolved "https://registry.yarnpkg.com/hyphenate-style-name/-/hyphenate-style-name-1.0.4.tgz#691879af8e220aea5750e8827db4ef62a54e361d"
  integrity sha512-ygGZLjmXfPHj+ZWh6LwbC37l43MhfztxetbFCoYTM2VjkIUpeHgSNn7QIyVFj7YQ1Wl9Cbw5sholVJPzWvC2MQ==

iconv-lite@^0.6.2:
  version "0.6.2"
  resolved "https://registry.yarnpkg.com/iconv-lite/-/iconv-lite-0.6.2.tgz#ce13d1875b0c3a674bd6a04b7f76b01b1b6ded01"
  integrity sha512-2y91h5OpQlolefMPmUlivelittSWy0rP+oYVpn6A7GwVHNE8AWzoYOBNmlwks3LobaJxgHCYZAnyNo2GgpNRNQ==
  dependencies:
    safer-buffer ">= 2.1.2 < 3.0.0"

inherits@^2.0.1, inherits@^2.0.3:
  version "2.0.4"
  resolved "https://registry.yarnpkg.com/inherits/-/inherits-2.0.4.tgz#0fa2c64f932917c3433a0ded55363aae37416b7c"
  integrity sha512-k/vGaX4/Yla3WzyMCvTQOXYeIHvqOKtnqBduzTHpzpQZzAskKMhZ2K+EnBiSM9zGSoIFeMpXKxa4dYeZIQqewQ==

inline-style-parser@0.1.1:
  version "0.1.1"
  resolved "https://registry.yarnpkg.com/inline-style-parser/-/inline-style-parser-0.1.1.tgz#ec8a3b429274e9c0a1f1c4ffa9453a7fef72cea1"
  integrity sha512-7NXolsK4CAS5+xvdj5OMMbI962hU/wvwoxk+LWR9Ek9bVtyuuYScDN6eS0rUm6TxApFpw7CX1o4uJzcd4AyD3Q==

inline-style-prefixer@^3.0.8:
  version "3.0.8"
  resolved "https://registry.yarnpkg.com/inline-style-prefixer/-/inline-style-prefixer-3.0.8.tgz#8551b8e5b4d573244e66a34b04f7d32076a2b534"
  integrity sha1-hVG45bTVcyROZqNLBPfTIHaitTQ=
  dependencies:
    bowser "^1.7.3"
    css-in-js-utils "^2.0.0"

invariant@^2.2.4:
  version "2.2.4"
  resolved "https://registry.yarnpkg.com/invariant/-/invariant-2.2.4.tgz#610f3c92c9359ce1db616e538008d23ff35158e6"
  integrity sha512-phJfQVBuaJM5raOpJjSfkiD6BpbCE4Ns//LaXl6wGYtUBY83nWS6Rf9tXm2e8VaK60JEjYldbPif/A2B1C2gNA==
  dependencies:
    loose-envify "^1.0.0"

is-stream@^1.0.1:
  version "1.1.0"
  resolved "https://registry.yarnpkg.com/is-stream/-/is-stream-1.1.0.tgz#12d4a3dd4e68e0b79ceb8dbc84173ae80d91ca44"
  integrity sha1-EtSj3U5o4Lec6428hBc66A2RykQ=

isexe@^2.0.0:
  version "2.0.0"
  resolved "https://registry.yarnpkg.com/isexe/-/isexe-2.0.0.tgz#e8fbf374dc556ff8947a10dcb0572d633f2cfa10"
  integrity sha1-6PvzdNxVb/iUehDcsFctYz8s+hA=

isobject@^3.0.1:
  version "3.0.1"
  resolved "https://registry.yarnpkg.com/isobject/-/isobject-3.0.1.tgz#4e431e92b11a9731636aa1f9c8d1ccbcfdab78df"
  integrity sha1-TkMekrEalzFjaqH5yNHMvP2reN8=

isomorphic-fetch@^2.1.1:
  version "2.2.1"
  resolved "https://registry.yarnpkg.com/isomorphic-fetch/-/isomorphic-fetch-2.2.1.tgz#611ae1acf14f5e81f729507472819fe9733558a9"
  integrity sha1-YRrhrPFPXoH3KVB0coGf6XM1WKk=
  dependencies:
    node-fetch "^1.0.1"
    whatwg-fetch ">=0.10.0"

"js-tokens@^3.0.0 || ^4.0.0":
  version "4.0.0"
  resolved "https://registry.yarnpkg.com/js-tokens/-/js-tokens-4.0.0.tgz#19203fb59991df98e3a287050d4647cdeaf32499"
  integrity sha512-RdJUflcE3cUzKiMqQgsCu06FPu9UdIJO0beYbPhHN4k6apgJtifcoCtT9bcxOpYBtpD2kCM6Sbzg4CausW/PKQ==

lodash@^4.17.20:
  version "4.17.20"
  resolved "https://registry.yarnpkg.com/lodash/-/lodash-4.17.20.tgz#b44a9b6297bcb698f1c51a3545a2b3b368d59c52"
  integrity sha512-PlhdFcillOINfeV7Ni6oF1TAEayyZBoZ8bcshTHqOYJYlrqzRK5hagpagky5o4HfCzzd1TRkXPMFq6cKk9rGmA==

loose-envify@^1.0.0, loose-envify@^1.1.0, loose-envify@^1.4.0:
  version "1.4.0"
  resolved "https://registry.yarnpkg.com/loose-envify/-/loose-envify-1.4.0.tgz#71ee51fa7be4caec1a63839f7e682d8132d30caf"
  integrity sha512-lyuxPGr/Wfhrlem2CL/UcnUc1zcqKAImBDzukY7Y5F/yQiNdko6+fRLevlw1HgMySw7f611UIY408EtxRSoK3Q==
  dependencies:
    js-tokens "^3.0.0 || ^4.0.0"

mitt@1.1.3:
  version "1.1.3"
  resolved "https://registry.yarnpkg.com/mitt/-/mitt-1.1.3.tgz#528c506238a05dce11cd914a741ea2cc332da9b8"
  integrity sha512-mUDCnVNsAi+eD6qA0HkRkwYczbLHJ49z17BGe2PYRhZL4wpZUFZGJHU7/5tmvohoma+Hdn0Vh/oJTiPEmgSruA==

multiselect-react-dropdown@^1.6.2:
  version "1.6.2"
  resolved "https://registry.yarnpkg.com/multiselect-react-dropdown/-/multiselect-react-dropdown-1.6.2.tgz#a4cff843ba271a71fa03f9a6b06a46c047f24140"
  integrity sha512-9TCL/PTN5jJHQGTItwOKYjprQqHp2/ry7ckL5xPpEuiQuD0tJTcTdiMAfUAYVZDgmdpiaKewWyH2mACSZ1nwyw==
  dependencies:
    react "^16.7.0"
    react-dom "^16.7.0"

node-fetch@^1.0.1:
  version "1.7.3"
  resolved "https://registry.yarnpkg.com/node-fetch/-/node-fetch-1.7.3.tgz#980f6f72d85211a5347c6b2bc18c5b84c3eb47ef"
  integrity sha512-NhZ4CsKx7cYm2vSrBAr2PvFOe6sWDf0UYLRqA6svUYg7+/TSfVAu49jYC4BvQ4Sms9SZgdqGBgroqfDhJdTyKQ==
  dependencies:
    encoding "^0.1.11"
    is-stream "^1.0.1"

object-assign@^4.1.0, object-assign@^4.1.1:
  version "4.1.1"
  resolved "https://registry.yarnpkg.com/object-assign/-/object-assign-4.1.1.tgz#2109adc7965887cfc05cbbd442cac8bfbb360863"
  integrity sha1-IQmtx5ZYh8/AXLvUQsrIv7s2CGM=

path-key@^3.1.0:
  version "3.1.1"
  resolved "https://registry.yarnpkg.com/path-key/-/path-key-3.1.1.tgz#581f6ade658cbba65a0d3380de7753295054f375"
  integrity sha512-ojmeN0qd+y0jszEtoY48r0Peq5dwMEkIlCOu6Q5f41lfkswXuKtYrhgoTpLnyIcHm24Uhqx+5Tqm2InSwLhE6Q==

performance-now@^0.2.0:
  version "0.2.0"
  resolved "https://registry.yarnpkg.com/performance-now/-/performance-now-0.2.0.tgz#33ef30c5c77d4ea21c5a53869d91b56d8f2555e5"
  integrity sha1-M+8wxcd9TqIcWlOGnZG1bY8lVeU=

performance-now@^2.1.0:
  version "2.1.0"
  resolved "https://registry.yarnpkg.com/performance-now/-/performance-now-2.1.0.tgz#6309f4e0e5fa913ec1c69307ae364b4b377c9e7b"
  integrity sha1-Ywn04OX6kT7BxpMHrjZLSzd8nns=

promise@^7.1.1:
  version "7.3.1"
  resolved "https://registry.yarnpkg.com/promise/-/promise-7.3.1.tgz#064b72602b18f90f29192b8b1bc418ffd1ebd3bf"
  integrity sha512-nolQXZ/4L+bP/UGlkfaIujX9BKxGwmQ9OT4mOt5yvy8iK1h3wqTEJCijzGANTCCl9nWjY41juyAn2K3Q1hLLTg==
  dependencies:
    asap "~2.0.3"

prop-types@^15.5.8, prop-types@^15.6.2:
  version "15.7.2"
  resolved "https://registry.yarnpkg.com/prop-types/-/prop-types-15.7.2.tgz#52c41e75b8c87e72b9d9360e0206b99dcbffa6c5"
  integrity sha512-8QQikdH7//R2vurIJSutZ1smHYTcLpRWEOlHnzcWHmBYrOGUysKwSsrC89BCiFj3CbrfJ/nXFdJepOVrY1GCHQ==
  dependencies:
    loose-envify "^1.4.0"
    object-assign "^4.1.1"
    react-is "^16.8.1"

raf-schd@^2.1.2:
  version "2.1.2"
  resolved "https://registry.yarnpkg.com/raf-schd/-/raf-schd-2.1.2.tgz#ec622b5167f2912089f054dc03ebd5bcf33c8f62"
  integrity sha512-Orl0IEvMtUCgPddgSxtxreK77UiQz4nPYJy9RggVzu4mKsZkQWiAaG1y9HlYWdvm9xtN348xRaT37qkvL/+A+g==

raf@^3.1.0:
  version "3.4.1"
  resolved "https://registry.yarnpkg.com/raf/-/raf-3.4.1.tgz#0742e99a4a6552f445d73e3ee0328af0ff1ede39"
  integrity sha512-Sq4CW4QhwOHE8ucn6J34MqtZCeWFP2aQSmrlroYgqAV1PjStIhJXxYuTgUIfkEk7zTLjmIjLmU5q+fbD1NnOJA==
  dependencies:
    performance-now "^2.1.0"

react-clientside-effect@^1.2.2:
  version "1.2.2"
  resolved "https://registry.yarnpkg.com/react-clientside-effect/-/react-clientside-effect-1.2.2.tgz#6212fb0e07b204e714581dd51992603d1accc837"
  integrity sha512-nRmoyxeok5PBO6ytPvSjKp9xwXg9xagoTK1mMjwnQxqM9Hd7MNPl+LS1bOSOe+CV2+4fnEquc7H/S8QD3q697A==
  dependencies:
    "@babel/runtime" "^7.0.0"

react-dom@^16.7.0:
  version "16.14.0"
  resolved "https://registry.yarnpkg.com/react-dom/-/react-dom-16.14.0.tgz#7ad838ec29a777fb3c75c3a190f661cf92ab8b89"
  integrity sha512-1gCeQXDLoIqMgqD3IO2Ah9bnf0w9kzhwN5q4FGnHZ67hBm9yePzB5JJAIQCc8x3pFnNlwFq4RidZggNAAkzWWw==
  dependencies:
    loose-envify "^1.1.0"
    object-assign "^4.1.1"
    prop-types "^15.6.2"
    scheduler "^0.19.1"

react-focus-lock@^2.3.1:
  version "2.5.0"
  resolved "https://registry.yarnpkg.com/react-focus-lock/-/react-focus-lock-2.5.0.tgz#12e3a3940e897c26e2c2a0408cd25ea3c99b3709"
  integrity sha512-XLxj6uTXgz0US8TmqNU2jMfnXwZG0mH2r/afQqvPEaX6nyEll5LHVcEXk2XDUQ34RVeLPkO/xK5x6c/qiuSq/A==
  dependencies:
    "@babel/runtime" "^7.0.0"
    focus-lock "^0.8.1"
    prop-types "^15.6.2"
    react-clientside-effect "^1.2.2"
    use-callback-ref "^1.2.1"
    use-sidecar "^1.0.1"

react-focus-on@^3.3.0:
  version "3.5.1"
  resolved "https://registry.yarnpkg.com/react-focus-on/-/react-focus-on-3.5.1.tgz#b459309cbee1b0a42dac92253e434d2860a509f6"
  integrity sha512-6iE56nYNwVU6Pke362TjqRLz/G7DBGnEugkxhPAhpXEZW5og3vhc9qDPlyiHgxoiY9kYTWjdAEFz4nJgSluANg==
  dependencies:
    aria-hidden "^1.1.1"
    react-focus-lock "^2.3.1"
    react-remove-scroll "^2.4.0"
    react-style-singleton "^2.1.0"
    use-callback-ref "^1.2.3"
    use-sidecar "^1.0.1"

react-full-screen@^0.2.4:
  version "0.2.5"
  resolved "https://registry.yarnpkg.com/react-full-screen/-/react-full-screen-0.2.5.tgz#bc79a5cdb9640d8b9b09e11a17fa54f6e6fa5789"
  integrity sha512-LNkxjLWmiR+AwemSVdn/miUcBy8tHA6mDVS1qz1AM/DHNEtQbzkh5ok9A6g99502OqutQq1zBvCBGLV8rsB2tw==
  dependencies:
    "@types/react" "*"
    fscreen "^1.0.1"

react-hamburger-menu@^1.2.1:
  version "1.2.1"
  resolved "https://registry.yarnpkg.com/react-hamburger-menu/-/react-hamburger-menu-1.2.1.tgz#bcaca08bf7d1ae96aa97553828765dce8f912eeb"
  integrity sha512-It5Jque8bx9lYn8q/NFtu9Ci20fBMsyunFSp06ZGgWXbMZlTFrN0IxKguGZ0igYQr6RvJ3S9CN3rTjrObmq/Cw==

react-image@^4.0.3:
  version "4.0.3"
  resolved "https://registry.yarnpkg.com/react-image/-/react-image-4.0.3.tgz#6fa722877660b67295298a914bff1ed87ad2cf83"
  integrity sha512-19MUK9u1qaw9xys8XEsVkSpVhHctEBUeYFvrLTe1PN+4w5Co13AN2WA7xtBshPM6SthsOj77SlDrEAeOaJpf7g==

react-images@^1.1.7:
  version "1.1.7"
  resolved "https://registry.yarnpkg.com/react-images/-/react-images-1.1.7.tgz#1d76a091981deaf76dbb3fac1e40391f080347dd"
  integrity sha512-9paR4bdP/SPTbJ/8cLa6+7+pcq8PGN4/8UjTfztQKBRzGxH0BtHrB7oj/7As2RmYMkOsVIMNfDaWzZZK4faIRA==
  dependencies:
    a11y-focus-store "^1.0.0"
    cross-env "^7.0.2"
    glam "^5.0.1"
    html-react-parser "^0.10.3"
    raf-schd "^2.1.2"
    react-focus-on "^3.3.0"
    react-full-screen "^0.2.4"
    react-transition-group "^2.9.0"
    react-view-pager "^0.6.0"

react-is@^16.8.1:
  version "16.13.1"
  resolved "https://registry.yarnpkg.com/react-is/-/react-is-16.13.1.tgz#789729a4dc36de2999dc156dd6c1d9c18cea56a4"
  integrity sha512-24e6ynE2H+OKt4kqsOvNd8kBpV65zoxbA4BVsEOB3ARVWQki/DHzaUoC5KuON/BiccDaCCTZBuOcfZs70kR8bQ==

react-lifecycles-compat@^3.0.4:
  version "3.0.4"
  resolved "https://registry.yarnpkg.com/react-lifecycles-compat/-/react-lifecycles-compat-3.0.4.tgz#4f1a273afdfc8f3488a8c516bfda78f872352362"
  integrity sha512-fBASbA6LnOU9dOU2eW7aQ8xmYBSXUIWr+UmF9b1efZBazGNO+rcXT/icdKnYm2pTwcRylVUYwW7H1PHfLekVzA==

react-motion@^0.5.0:
  version "0.5.2"
  resolved "https://registry.yarnpkg.com/react-motion/-/react-motion-0.5.2.tgz#0dd3a69e411316567927917c6626551ba0607316"
  integrity sha512-9q3YAvHoUiWlP3cK0v+w1N5Z23HXMj4IF4YuvjvWegWqNPfLXsOBE/V7UvQGpXxHFKRQQcNcVQE31g9SB/6qgQ==
  dependencies:
    performance-now "^0.2.0"
    prop-types "^15.5.8"
    raf "^3.1.0"

react-property@1.0.1:
  version "1.0.1"
  resolved "https://registry.yarnpkg.com/react-property/-/react-property-1.0.1.tgz#4ae4211557d0a0ae050a71aa8ad288c074bea4e6"
  integrity sha512-1tKOwxFn3dXVomH6pM9IkLkq2Y8oh+fh/lYW3MJ/B03URswUTqttgckOlbxY2XHF3vPG6uanSc4dVsLW/wk3wQ==

react-remove-scroll-bar@^2.1.0:
  version "2.1.1"
  resolved "https://registry.yarnpkg.com/react-remove-scroll-bar/-/react-remove-scroll-bar-2.1.1.tgz#5876428dfd546f2f63a4d277aea2197925505c1e"
  integrity sha512-IZbfQPSozIr8ylHE9MFcQeb2TTzj4abfE7OBXjmtUeXQ5h6ColGKDNo5h7OmzrJRilAx3YIKBf3jb0yrb31BJQ==
  dependencies:
    react-style-singleton "^2.1.0"
    tslib "^1.0.0"

react-remove-scroll@^2.4.0:
  version "2.4.1"
  resolved "https://registry.yarnpkg.com/react-remove-scroll/-/react-remove-scroll-2.4.1.tgz#e0af6126621083a5064591d367291a81b2d107f5"
  integrity sha512-K7XZySEzOHMTq7dDwcHsZA6Y7/1uX5RsWhRXVYv8rdh+y9Qz2nMwl9RX/Mwnj/j7JstCGmxyfyC0zbVGXYh3mA==
  dependencies:
    react-remove-scroll-bar "^2.1.0"
    react-style-singleton "^2.1.0"
    tslib "^1.0.0"
    use-callback-ref "^1.2.3"
    use-sidecar "^1.0.1"

react-style-singleton@^2.1.0:
  version "2.1.1"
  resolved "https://registry.yarnpkg.com/react-style-singleton/-/react-style-singleton-2.1.1.tgz#ce7f90b67618be2b6b94902a30aaea152ce52e66"
  integrity sha512-jNRp07Jza6CBqdRKNgGhT3u9umWvils1xsuMOjZlghBDH2MU0PL2WZor4PGYjXpnRCa9DQSlHMs/xnABWOwYbA==
  dependencies:
    get-nonce "^1.0.0"
    invariant "^2.2.4"
    tslib "^1.0.0"

react-transition-group@^2.9.0:
  version "2.9.0"
  resolved "https://registry.yarnpkg.com/react-transition-group/-/react-transition-group-2.9.0.tgz#df9cdb025796211151a436c69a8f3b97b5b07c8d"
  integrity sha512-+HzNTCHpeQyl4MJ/bdE0u6XRMe9+XG/+aL4mCxVN4DnPBQ0/5bfHWPDuOZUzYdMj94daZaZdCCc1Dzt9R/xSSg==
  dependencies:
    dom-helpers "^3.4.0"
    loose-envify "^1.4.0"
    prop-types "^15.6.2"
    react-lifecycles-compat "^3.0.4"

react-view-pager@^0.6.0:
  version "0.6.0"
  resolved "https://registry.yarnpkg.com/react-view-pager/-/react-view-pager-0.6.0.tgz#6c6be04b0cc3b907b5ceafec7b2ab6e7228df650"
  integrity sha512-nV6VTLyHmv4T9QszZVD3sRn3EcUKgb2NhSdz9kjTIpzE+SwOl4mfcQtqUwc6St3EnMtus805zVJ8OcSjFEqhpg==
  dependencies:
    animation-bus "^0.2.0"
    get-prefix "^1.0.0"
    mitt "1.1.3"
    react-motion "^0.5.0"
    resize-observer-polyfill "1.5.0"
    tabbable "1.1.2"

react@^16.7.0:
  version "16.14.0"
  resolved "https://registry.yarnpkg.com/react/-/react-16.14.0.tgz#94d776ddd0aaa37da3eda8fc5b6b18a4c9a3114d"
  integrity sha512-0X2CImDkJGApiAlcf0ODKIneSwBPhqJawOa5wCtKbu7ZECrmS26NvtSILynQ66cgkT/RJ4LidJOc3bUESwmU8g==
  dependencies:
    loose-envify "^1.1.0"
    object-assign "^4.1.1"
    prop-types "^15.6.2"

readable-stream@^3.1.1:
  version "3.6.0"
  resolved "https://registry.yarnpkg.com/readable-stream/-/readable-stream-3.6.0.tgz#337bbda3adc0706bd3e024426a286d4b4b2c9198"
  integrity sha512-BViHy7LKeTz4oNnkcLJ+lVSL6vpiFeX6/d3oSH8zCW7UxP2onchk+vTGB143xuFjHS3deTgkKoXXymXqymiIdA==
  dependencies:
    inherits "^2.0.3"
    string_decoder "^1.1.1"
    util-deprecate "^1.0.1"

regenerator-runtime@^0.13.4:
  version "0.13.7"
  resolved "https://registry.yarnpkg.com/regenerator-runtime/-/regenerator-runtime-0.13.7.tgz#cac2dacc8a1ea675feaabaeb8ae833898ae46f55"
  integrity sha512-a54FxoJDIr27pgf7IgeQGxmqUNYrcV338lf/6gH456HZ/PhX+5BcwHXG9ajESmwe6WRO0tAzRUrRmNONWgkrew==

resize-observer-polyfill@1.5.0:
  version "1.5.0"
  resolved "https://registry.yarnpkg.com/resize-observer-polyfill/-/resize-observer-polyfill-1.5.0.tgz#660ff1d9712a2382baa2cad450a4716209f9ca69"
  integrity sha512-M2AelyJDVR/oLnToJLtuDJRBBWUGUvvGigj1411hXhAdyFWqMaqHp7TixW3FpiLuVaikIcR1QL+zqoJoZlOgpg==

safe-buffer@~5.2.0:
  version "5.2.1"
  resolved "https://registry.yarnpkg.com/safe-buffer/-/safe-buffer-5.2.1.tgz#1eaf9fa9bdb1fdd4ec75f58f9cdb4e6b7827eec6"
  integrity sha512-rp3So07KcdmmKbGvgaNxQSJr7bGVSVk5S9Eq1F+ppbRo70+YeaDxkw5Dd8NPN+GD6bjnYm2VuPuCXmpuYvmCXQ==

"safer-buffer@>= 2.1.2 < 3.0.0":
  version "2.1.2"
  resolved "https://registry.yarnpkg.com/safer-buffer/-/safer-buffer-2.1.2.tgz#44fa161b0187b9549dd84bb91802f9bd8385cd6a"
  integrity sha512-YZo3K82SD7Riyi0E1EQPojLz7kpepnSQI9IyPbHHg1XXXevb5dJI7tpyN2ADxGcQbHG7vcyRHk0cbwqcQriUtg==

scheduler@^0.19.1:
  version "0.19.1"
  resolved "https://registry.yarnpkg.com/scheduler/-/scheduler-0.19.1.tgz#4f3e2ed2c1a7d65681f4c854fa8c5a1ccb40f196"
  integrity sha512-n/zwRWRYSUj0/3g/otKDRPMh6qv2SYMWNq85IEa8iZyAv8od9zDYpGSnpBEjNgcMNq6Scbu5KfIPxNF72R/2EA==
  dependencies:
    loose-envify "^1.1.0"
    object-assign "^4.1.1"

setimmediate@^1.0.5:
  version "1.0.5"
  resolved "https://registry.yarnpkg.com/setimmediate/-/setimmediate-1.0.5.tgz#290cbb232e306942d7d7ea9b83732ab7856f8285"
  integrity sha1-KQy7Iy4waULX1+qbg3Mqt4VvgoU=

shebang-command@^2.0.0:
  version "2.0.0"
  resolved "https://registry.yarnpkg.com/shebang-command/-/shebang-command-2.0.0.tgz#ccd0af4f8835fbdc265b82461aaf0c36663f34ea"
  integrity sha512-kHxr2zZpYtdmrN1qDjrrX/Z1rR1kG8Dx+gkpK1G4eXmvXswmcE1hTWBWYUzlraYw1/yZp6YuDY77YtvbN0dmDA==
  dependencies:
    shebang-regex "^3.0.0"

shebang-regex@^3.0.0:
  version "3.0.0"
  resolved "https://registry.yarnpkg.com/shebang-regex/-/shebang-regex-3.0.0.tgz#ae16f1644d873ecad843b0307b143362d4c42172"
  integrity sha512-7++dFhtcx3353uBaq8DDR4NuxBetBzC7ZQOhmTQInHEd6bSrXdiEyzCvG07Z44UYdLShWUyXt5M/yhz8ekcb1A==

string_decoder@^1.1.1:
  version "1.3.0"
  resolved "https://registry.yarnpkg.com/string_decoder/-/string_decoder-1.3.0.tgz#42f114594a46cf1a8e30b0a84f56c78c3edac21e"
  integrity sha512-hkRX8U1WjJFd8LsDJ2yQ/wWWxaopEsABU1XfkM8A+j0+85JAGppt16cr1Whg6KIbb4okU6Mql6BOj+uup/wKeA==
  dependencies:
    safe-buffer "~5.2.0"

style-to-object@0.3.0:
  version "0.3.0"
  resolved "https://registry.yarnpkg.com/style-to-object/-/style-to-object-0.3.0.tgz#b1b790d205991cc783801967214979ee19a76e46"
  integrity sha512-CzFnRRXhzWIdItT3OmF8SQfWyahHhjq3HwcMNCNLn+N7klOOqPjMeG/4JSu77D7ypZdGvSzvkrbyeTMizz2VrA==
  dependencies:
    inline-style-parser "0.1.1"

tabbable@1.1.2:
  version "1.1.2"
  resolved "https://registry.yarnpkg.com/tabbable/-/tabbable-1.1.2.tgz#b171680aea6e0a3e9281ff23532e2e5de11c0d94"
  integrity sha512-77oqsKEPrxIwgRcXUwipkj9W5ItO97L6eUT1Ar7vh+El16Zm4M6V+YU1cbipHEa6q0Yjw8O3Hoh8oRgatV5s7A==

tslib@^1.0.0, tslib@^1.9.3:
  version "1.14.1"
  resolved "https://registry.yarnpkg.com/tslib/-/tslib-1.14.1.tgz#cf2d38bdc34a134bcaf1091c41f6619e2f672d00"
  integrity sha512-Xni35NKzjgMrwevysHTCArtLDpPvye8zV/0E4EyYn43P7/7qvQwPh9BGkHewbMulVntbigmcT7rdX3BNo9wRJg==

ua-parser-js@^0.7.18:
  version "0.7.23"
  resolved "https://registry.yarnpkg.com/ua-parser-js/-/ua-parser-js-0.7.23.tgz#704d67f951e13195fbcd3d78818577f5bc1d547b"
  integrity sha512-m4hvMLxgGHXG3O3fQVAyyAQpZzDOvwnhOTjYz5Xmr7r/+LpkNy3vJXdVRWgd1TkAb7NGROZuSy96CrlNVjA7KA==

use-callback-ref@^1.2.1, use-callback-ref@^1.2.3:
  version "1.2.4"
  resolved "https://registry.yarnpkg.com/use-callback-ref/-/use-callback-ref-1.2.4.tgz#d86d1577bfd0b955b6e04aaf5971025f406bea3c"
  integrity sha512-rXpsyvOnqdScyied4Uglsp14qzag1JIemLeTWGKbwpotWht57hbP78aNT+Q4wdFKQfQibbUX4fb6Qb4y11aVOQ==

use-sidecar@^1.0.1:
  version "1.0.3"
  resolved "https://registry.yarnpkg.com/use-sidecar/-/use-sidecar-1.0.3.tgz#17a4e567d4830c0c0ee100040e85a7fe68611e0f"
  integrity sha512-ygJwGUBeQfWgDls7uTrlEDzJUUR67L8Rm14v/KfFtYCdHhtjHZx1Krb3DIQl3/Q5dJGfXLEQ02RY8BdNBv87SQ==
  dependencies:
    detect-node-es "^1.0.0"
    tslib "^1.9.3"

util-deprecate@^1.0.1:
  version "1.0.2"
  resolved "https://registry.yarnpkg.com/util-deprecate/-/util-deprecate-1.0.2.tgz#450d4dc9fa70de732762fbd2d4a28981419a0ccf"
  integrity sha1-RQ1Nyfpw3nMnYvvS1KKJgUGaDM8=

whatwg-fetch@>=0.10.0:
  version "3.5.0"
  resolved "https://registry.yarnpkg.com/whatwg-fetch/-/whatwg-fetch-3.5.0.tgz#605a2cd0a7146e5db141e29d1c62ab84c0c4c868"
  integrity sha512-jXkLtsR42xhXg7akoDKvKWE40eJeI+2KZqcp2h3NsOrRnDvtWX36KcKl30dy+hxECivdk2BVUHVNrPtoMBUx6A==

which@^2.0.1:
  version "2.0.2"
  resolved "https://registry.yarnpkg.com/which/-/which-2.0.2.tgz#7c6a8dd0a636a0327e10b59c9286eee93f3f51b1"
  integrity sha512-BLI3Tl1TW3Pvl70l3yq3Y64i+awpwXqsGBYWkkqMtnbXgrMD+yj7rhW0kuEDxzJaYXGjEW5ogapKNMEKNMjibA==
  dependencies:
    isexe "^2.0.0"
